
Microsoft Visual Studio Solution File, Format Version 12.00
# Visual Studio Version 17
VisualStudioVersion = 17.0.31919.166
MinimumVisualStudioVersion = 10.0.40219.1
Project("{FAE04EC0-301F-11D3-BF4B-00C04F79EFBC}") = "numeroNationale", "numeroNationale\numeroNationale.csproj", "{CE0E7C84-8BEB-4153-9604-4555D9492457}"
EndProject
Global
	GlobalSection(SolutionConfigurationPlatforms) = preSolution
		Debug|Any CPU = Debug|Any CPU
		Release|Any CPU = Release|Any CPU
	EndGlobalSection
	GlobalSection(ProjectConfigurationPlatforms) = postSolution
		{CE0E7C84-8BEB-4153-9604-4555D9492457}.Debug|Any CPU.ActiveCfg = Debug|Any CPU
		{CE0E7C84-8BEB-4153-9604-4555D9492457}.Debug|Any CPU.Build.0 = Debug|Any CPU
		{CE0E7C84-8BEB-4153-9604-4555D9492457}.Release|Any CPU.ActiveCfg = Release|Any CPU
		{CE0E7C84-8BEB-4153-9604-4555D9492457}.Release|Any CPU.Build.0 = Release|Any CPU
	EndGlobalSection
	GlobalSection(SolutionProperties) = preSolution
		HideSolutionNode = FALSE
	EndGlobalSection
	GlobalSection(ExtensibilityGlobals) = postSolution
		SolutionGuid = {C4A53BF6-9D9F-4281-ACD4-F1B4E47822E0}
	EndGlobalSection
EndGlobal
